
Microsoft Visual Studio Solution File, Format Version 12.00
# Visual Studio Version 17
VisualStudioVersion = 17.14.36429.23 d17.14
MinimumVisualStudioVersion = 10.0.40219.1
Project("{FAE04EC0-301F-11D3-BF4B-00C04F79EFBC}") = "LoginForm", "LoginForm\LoginForm.csproj", "{7EF560A5-6108-40C7-BF3A-B8B44DC42665}"
EndProject
Global
	GlobalSection(SolutionConfigurationPlatforms) = preSolution
		Debug|Any CPU = Debug|Any CPU
		Release|Any CPU = Release|Any CPU
	EndGlobalSection
	GlobalSection(ProjectConfigurationPlatforms) = postSolution
		{7EF560A5-6108-40C7-BF3A-B8B44DC42665}.Debug|Any CPU.ActiveCfg = Debug|Any CPU
		{7EF560A5-6108-40C7-BF3A-B8B44DC42665}.Debug|Any CPU.Build.0 = Debug|Any CPU
		{7EF560A5-6108-40C7-BF3A-B8B44DC42665}.Release|Any CPU.ActiveCfg = Release|Any CPU
		{7EF560A5-6108-40C7-BF3A-B8B44DC42665}.Release|Any CPU.Build.0 = Release|Any CPU
	EndGlobalSection
	GlobalSection(SolutionProperties) = preSolution
		HideSolutionNode = FALSE
	EndGlobalSection
	GlobalSection(ExtensibilityGlobals) = postSolution
		SolutionGuid = {A41BCD3E-27A4-4C0D-98B7-846BF3B9521A}
	EndGlobalSection
EndGlobal
